
Microsoft Visual Studio Solution File, Format Version 12.00
# Visual Studio Version 17
VisualStudioVersion = 17.9.34728.123
MinimumVisualStudioVersion = 10.0.40219.1
Project("{FAE04EC0-301F-11D3-BF4B-00C04F79EFBC}") = "ClientTask", "ClientTask.csproj", "{689E4A1F-B9ED-4D09-AB32-4EBF7218A788}"
EndProject
Global
	GlobalSection(SolutionConfigurationPlatforms) = preSolution
		Debug|Any CPU = Debug|Any CPU
		Release|Any CPU = Release|Any CPU
	EndGlobalSection
	GlobalSection(ProjectConfigurationPlatforms) = postSolution
		{689E4A1F-B9ED-4D09-AB32-4EBF7218A788}.Debug|Any CPU.ActiveCfg = Debug|Any CPU
		{689E4A1F-B9ED-4D09-AB32-4EBF7218A788}.Debug|Any CPU.Build.0 = Debug|Any CPU
		{689E4A1F-B9ED-4D09-AB32-4EBF7218A788}.Release|Any CPU.ActiveCfg = Release|Any CPU
		{689E4A1F-B9ED-4D09-AB32-4EBF7218A788}.Release|Any CPU.Build.0 = Release|Any CPU
	EndGlobalSection
	GlobalSection(SolutionProperties) = preSolution
		HideSolutionNode = FALSE
	EndGlobalSection
	GlobalSection(ExtensibilityGlobals) = postSolution
		SolutionGuid = {52E8BBF8-EAC7-494E-AFFA-534CE78DEDC7}
	EndGlobalSection
EndGlobal
